
Microsoft Visual Studio Solution File, Format Version 12.00
# Visual Studio Version 16
VisualStudioVersion = 16.0.29326.143
MinimumVisualStudioVersion = 10.0.40219.1
Project("{2150E333-8FDC-42A3-9474-1A3956D46DE8}") = "src", "src", "{0DFF4758-5C19-4D8F-BA6C-76E618323F6A}"
EndProject
Project("{2150E333-8FDC-42A3-9474-1A3956D46DE8}") = "tests", "tests", "{F3F4278D-6271-4F77-BA88-41555D53CBD1}"
EndProject
Project("{9A19103F-16F7-4668-BE54-9A1E7A4F7556}") = "Redmine.Api.Logger", "Redmine.Api.Logger\Redmine.Api.Logger.csproj", "{43324CA4-F413-4757-9DCF-D532E7A1BF7A}"
EndProject
Project("{9A19103F-16F7-4668-BE54-9A1E7A4F7556}") = "Redmine.Api", "Redmine.Api\Redmine.Api.csproj", "{95AE9D51-A6CB-47B3-8075-8B4B961C0AE3}"
EndProject
Project("{9A19103F-16F7-4668-BE54-9A1E7A4F7556}") = "Redmine.Api.Tests", "..\test\Redmine.Api.Tests\Redmine.Api.Tests.csproj", "{CDD4588D-5B57-4089-95C5-EB3B5B6D4B4C}"
EndProject
Global
	GlobalSection(SolutionConfigurationPlatforms) = preSolution
		Debug|Any CPU = Debug|Any CPU
		Debug|x64 = Debug|x64
		DebugJ|Any CPU = DebugJ|Any CPU
		DebugJ|x64 = DebugJ|x64
		DebugJSON|Any CPU = DebugJSON|Any CPU
		DebugJSON|x64 = DebugJSON|x64
		DebugXML|Any CPU = DebugXML|Any CPU
		DebugXML|x64 = DebugXML|x64
		Release|Any CPU = Release|Any CPU
		Release|x64 = Release|x64
	EndGlobalSection
	GlobalSection(ProjectConfigurationPlatforms) = postSolution
		{43324CA4-F413-4757-9DCF-D532E7A1BF7A}.Debug|Any CPU.ActiveCfg = Debug|Any CPU
		{43324CA4-F413-4757-9DCF-D532E7A1BF7A}.Debug|Any CPU.Build.0 = Debug|Any CPU
		{43324CA4-F413-4757-9DCF-D532E7A1BF7A}.Debug|x64.ActiveCfg = Debug|x64
		{43324CA4-F413-4757-9DCF-D532E7A1BF7A}.Debug|x64.Build.0 = Debug|x64
		{43324CA4-F413-4757-9DCF-D532E7A1BF7A}.DebugJ|Any CPU.ActiveCfg = Debug|Any CPU
		{43324CA4-F413-4757-9DCF-D532E7A1BF7A}.DebugJ|Any CPU.Build.0 = Debug|Any CPU
		{43324CA4-F413-4757-9DCF-D532E7A1BF7A}.DebugJ|x64.ActiveCfg = Debug|x64
		{43324CA4-F413-4757-9DCF-D532E7A1BF7A}.DebugJ|x64.Build.0 = Debug|x64
		{43324CA4-F413-4757-9DCF-D532E7A1BF7A}.DebugJSON|Any CPU.ActiveCfg = Debug|Any CPU
		{43324CA4-F413-4757-9DCF-D532E7A1BF7A}.DebugJSON|Any CPU.Build.0 = Debug|Any CPU
		{43324CA4-F413-4757-9DCF-D532E7A1BF7A}.DebugJSON|x64.ActiveCfg = Debug|x64
		{43324CA4-F413-4757-9DCF-D532E7A1BF7A}.DebugJSON|x64.Build.0 = Debug|x64
		{43324CA4-F413-4757-9DCF-D532E7A1BF7A}.DebugXML|Any CPU.ActiveCfg = Debug|Any CPU
		{43324CA4-F413-4757-9DCF-D532E7A1BF7A}.DebugXML|Any CPU.Build.0 = Debug|Any CPU
		{43324CA4-F413-4757-9DCF-D532E7A1BF7A}.DebugXML|x64.ActiveCfg = Debug|x64
		{43324CA4-F413-4757-9DCF-D532E7A1BF7A}.DebugXML|x64.Build.0 = Debug|x64
		{43324CA4-F413-4757-9DCF-D532E7A1BF7A}.Release|Any CPU.ActiveCfg = Release|Any CPU
		{43324CA4-F413-4757-9DCF-D532E7A1BF7A}.Release|Any CPU.Build.0 = Release|Any CPU
		{43324CA4-F413-4757-9DCF-D532E7A1BF7A}.Release|x64.ActiveCfg = Release|x64
		{43324CA4-F413-4757-9DCF-D532E7A1BF7A}.Release|x64.Build.0 = Release|x64
		{95AE9D51-A6CB-47B3-8075-8B4B961C0AE3}.Debug|Any CPU.ActiveCfg = Debug|Any CPU
		{95AE9D51-A6CB-47B3-8075-8B4B961C0AE3}.Debug|Any CPU.Build.0 = Debug|Any CPU
		{95AE9D51-A6CB-47B3-8075-8B4B961C0AE3}.Debug|x64.ActiveCfg = Debug|x64
		{95AE9D51-A6CB-47B3-8075-8B4B961C0AE3}.Debug|x64.Build.0 = Debug|x64
		{95AE9D51-A6CB-47B3-8075-8B4B961C0AE3}.DebugJ|Any CPU.ActiveCfg = Release|Any CPU
		{95AE9D51-A6CB-47B3-8075-8B4B961C0AE3}.DebugJ|Any CPU.Build.0 = Release|Any CPU
		{95AE9D51-A6CB-47B3-8075-8B4B961C0AE3}.DebugJ|x64.ActiveCfg = Debug|x64
		{95AE9D51-A6CB-47B3-8075-8B4B961C0AE3}.DebugJ|x64.Build.0 = Debug|x64
		{95AE9D51-A6CB-47B3-8075-8B4B961C0AE3}.DebugJSON|Any CPU.ActiveCfg = Debug|Any CPU
		{95AE9D51-A6CB-47B3-8075-8B4B961C0AE3}.DebugJSON|Any CPU.Build.0 = Debug|Any CPU
		{95AE9D51-A6CB-47B3-8075-8B4B961C0AE3}.DebugJSON|x64.ActiveCfg = Debug|x64
		{95AE9D51-A6CB-47B3-8075-8B4B961C0AE3}.DebugJSON|x64.Build.0 = Debug|x64
		{95AE9D51-A6CB-47B3-8075-8B4B961C0AE3}.DebugXML|Any CPU.ActiveCfg = Debug|Any CPU
		{95AE9D51-A6CB-47B3-8075-8B4B961C0AE3}.DebugXML|Any CPU.Build.0 = Debug|Any CPU
		{95AE9D51-A6CB-47B3-8075-8B4B961C0AE3}.DebugXML|x64.ActiveCfg = Debug|x64
		{95AE9D51-A6CB-47B3-8075-8B4B961C0AE3}.DebugXML|x64.Build.0 = Debug|x64
		{95AE9D51-A6CB-47B3-8075-8B4B961C0AE3}.Release|Any CPU.ActiveCfg = Release|Any CPU
		{95AE9D51-A6CB-47B3-8075-8B4B961C0AE3}.Release|Any CPU.Build.0 = Release|Any CPU
		{95AE9D51-A6CB-47B3-8075-8B4B961C0AE3}.Release|x64.ActiveCfg = Release|x64
		{95AE9D51-A6CB-47B3-8075-8B4B961C0AE3}.Release|x64.Build.0 = Release|x64
		{CDD4588D-5B57-4089-95C5-EB3B5B6D4B4C}.Debug|Any CPU.ActiveCfg = Debug|Any CPU
		{CDD4588D-5B57-4089-95C5-EB3B5B6D4B4C}.Debug|Any CPU.Build.0 = Debug|Any CPU
		{CDD4588D-5B57-4089-95C5-EB3B5B6D4B4C}.Debug|x64.ActiveCfg = Debug|x64
		{CDD4588D-5B57-4089-95C5-EB3B5B6D4B4C}.Debug|x64.Build.0 = Debug|x64
		{CDD4588D-5B57-4089-95C5-EB3B5B6D4B4C}.DebugJ|Any CPU.ActiveCfg = Debug|Any CPU
		{CDD4588D-5B57-4089-95C5-EB3B5B6D4B4C}.DebugJ|Any CPU.Build.0 = Debug|Any CPU
		{CDD4588D-5B57-4089-95C5-EB3B5B6D4B4C}.DebugJ|x64.ActiveCfg = Debug|x64
		{CDD4588D-5B57-4089-95C5-EB3B5B6D4B4C}.DebugJ|x64.Build.0 = Debug|x64
		{CDD4588D-5B57-4089-95C5-EB3B5B6D4B4C}.DebugJSON|Any CPU.ActiveCfg = Debug|Any CPU
		{CDD4588D-5B57-4089-95C5-EB3B5B6D4B4C}.DebugJSON|Any CPU.Build.0 = Debug|Any CPU
		{CDD4588D-5B57-4089-95C5-EB3B5B6D4B4C}.DebugJSON|x64.ActiveCfg = Debug|x64
		{CDD4588D-5B57-4089-95C5-EB3B5B6D4B4C}.DebugJSON|x64.Build.0 = Debug|x64
		{CDD4588D-5B57-4089-95C5-EB3B5B6D4B4C}.DebugXML|Any CPU.ActiveCfg = Debug|Any CPU
		{CDD4588D-5B57-4089-95C5-EB3B5B6D4B4C}.DebugXML|Any CPU.Build.0 = Debug|Any CPU
		{CDD4588D-5B57-4089-95C5-EB3B5B6D4B4C}.DebugXML|x64.ActiveCfg = Debug|x64
		{CDD4588D-5B57-4089-95C5-EB3B5B6D4B4C}.DebugXML|x64.Build.0 = Debug|x64
		{CDD4588D-5B57-4089-95C5-EB3B5B6D4B4C}.Release|Any CPU.ActiveCfg = Release|Any CPU
		{CDD4588D-5B57-4089-95C5-EB3B5B6D4B4C}.Release|Any CPU.Build.0 = Release|Any CPU
		{CDD4588D-5B57-4089-95C5-EB3B5B6D4B4C}.Release|x64.ActiveCfg = Release|x64
		{CDD4588D-5B57-4089-95C5-EB3B5B6D4B4C}.Release|x64.Build.0 = Release|x64
	EndGlobalSection
	GlobalSection(SolutionProperties) = preSolution
		HideSolutionNode = FALSE
	EndGlobalSection
	GlobalSection(NestedProjects) = preSolution
		{43324CA4-F413-4757-9DCF-D532E7A1BF7A} = {0DFF4758-5C19-4D8F-BA6C-76E618323F6A}
		{95AE9D51-A6CB-47B3-8075-8B4B961C0AE3} = {0DFF4758-5C19-4D8F-BA6C-76E618323F6A}
		{CDD4588D-5B57-4089-95C5-EB3B5B6D4B4C} = {F3F4278D-6271-4F77-BA88-41555D53CBD1}
	EndGlobalSection
	GlobalSection(ExtensibilityGlobals) = postSolution
		SolutionGuid = {4AA87D90-ABD0-4793-BE47-955B35FAE2BB}
	EndGlobalSection
	GlobalSection(CodealikeProperties) = postSolution
		SolutionGuid = 74da85cc-5a0d-4590-a976-666d0b2d41cb
	EndGlobalSection
	GlobalSection(TestCaseManagementSettings) = postSolution
		CategoryFile = redmine-net-api.vsmdi
	EndGlobalSection
EndGlobal
